
Microsoft Visual Studio Solution File, Format Version 12.00
# Visual Studio Version 17
VisualStudioVersion = 17.7.34221.43
MinimumVisualStudioVersion = 10.0.40219.1
Project("{9A19103F-16F7-4668-BE54-9A1E7A4F7556}") = "001_Les", "001_Les\001_Les.csproj", "{6783935D-539C-4A60-BE81-2A000AAAE6C6}"
EndProject
Project("{9A19103F-16F7-4668-BE54-9A1E7A4F7556}") = "002_Les", "002_Les\002_Les.csproj", "{A4F23BE2-F34F-4C4A-A325-51A407CC75E9}"
EndProject
Project("{9A19103F-16F7-4668-BE54-9A1E7A4F7556}") = "003_Les", "003_Les\003_Les.csproj", "{DC037B05-B4A3-4581-87E5-353C688F166C}"
EndProject
Project("{9A19103F-16F7-4668-BE54-9A1E7A4F7556}") = "004_Les", "004_Les\004_Les.csproj", "{2ECD172B-EB0B-4857-9510-4D5C0FE7EB74}"
EndProject
Project("{9A19103F-16F7-4668-BE54-9A1E7A4F7556}") = "005_Les", "005_Les\005_Les.csproj", "{AA10AF12-18DD-444B-9BC1-6792CDCC780B}"
EndProject
Project("{9A19103F-16F7-4668-BE54-9A1E7A4F7556}") = "006_Les", "006_Les\006_Les.csproj", "{20E2A4B7-3A9B-4505-BAD1-F88224ACA1E9}"
EndProject
Project("{9A19103F-16F7-4668-BE54-9A1E7A4F7556}") = "007_Les", "007_Les\007_Les.csproj", "{C02ED423-AE3D-4466-8C32-A6CE8C052EDA}"
EndProject
Project("{9A19103F-16F7-4668-BE54-9A1E7A4F7556}") = "008_Les", "008_Les\008_Les.csproj", "{218E4E3A-CD11-41FC-ADB4-59FB0D99907F}"
EndProject
Project("{9A19103F-16F7-4668-BE54-9A1E7A4F7556}") = "012_Les", "012_Les\012_Les.csproj", "{9E30D32C-3ACA-4E8C-8B09-8FF171D2F660}"
EndProject
Project("{9A19103F-16F7-4668-BE54-9A1E7A4F7556}") = "011_Les", "011_Les\011_Les.csproj", "{152484DF-8852-4E29-91C2-2C27E8A34BA0}"
EndProject
Project("{9A19103F-16F7-4668-BE54-9A1E7A4F7556}") = "010_Les", "010_Les\010_Les.csproj", "{4349BE9B-9B14-4B36-8215-9558C722F6E4}"
EndProject
Project("{9A19103F-16F7-4668-BE54-9A1E7A4F7556}") = "009_les", "009_Les\009_les.csproj", "{82B15A91-86CA-4DFE-81E5-5CAB66D79DB7}"
EndProject
Project("{FAE04EC0-301F-11D3-BF4B-00C04F79EFBC}") = "013_Les", "013_Les\013_Les.csproj", "{A2B49330-4CEA-4E09-AD1F-347C65A201A2}"
EndProject
Global
	GlobalSection(SolutionConfigurationPlatforms) = preSolution
		Debug|Any CPU = Debug|Any CPU
		Release|Any CPU = Release|Any CPU
	EndGlobalSection
	GlobalSection(ProjectConfigurationPlatforms) = postSolution
		{6783935D-539C-4A60-BE81-2A000AAAE6C6}.Debug|Any CPU.ActiveCfg = Debug|Any CPU
		{6783935D-539C-4A60-BE81-2A000AAAE6C6}.Debug|Any CPU.Build.0 = Debug|Any CPU
		{6783935D-539C-4A60-BE81-2A000AAAE6C6}.Release|Any CPU.ActiveCfg = Release|Any CPU
		{6783935D-539C-4A60-BE81-2A000AAAE6C6}.Release|Any CPU.Build.0 = Release|Any CPU
		{A4F23BE2-F34F-4C4A-A325-51A407CC75E9}.Debug|Any CPU.ActiveCfg = Debug|Any CPU
		{A4F23BE2-F34F-4C4A-A325-51A407CC75E9}.Debug|Any CPU.Build.0 = Debug|Any CPU
		{A4F23BE2-F34F-4C4A-A325-51A407CC75E9}.Release|Any CPU.ActiveCfg = Release|Any CPU
		{A4F23BE2-F34F-4C4A-A325-51A407CC75E9}.Release|Any CPU.Build.0 = Release|Any CPU
		{DC037B05-B4A3-4581-87E5-353C688F166C}.Debug|Any CPU.ActiveCfg = Debug|Any CPU
		{DC037B05-B4A3-4581-87E5-353C688F166C}.Debug|Any CPU.Build.0 = Debug|Any CPU
		{DC037B05-B4A3-4581-87E5-353C688F166C}.Release|Any CPU.ActiveCfg = Release|Any CPU
		{DC037B05-B4A3-4581-87E5-353C688F166C}.Release|Any CPU.Build.0 = Release|Any CPU
		{2ECD172B-EB0B-4857-9510-4D5C0FE7EB74}.Debug|Any CPU.ActiveCfg = Debug|Any CPU
		{2ECD172B-EB0B-4857-9510-4D5C0FE7EB74}.Debug|Any CPU.Build.0 = Debug|Any CPU
		{2ECD172B-EB0B-4857-9510-4D5C0FE7EB74}.Release|Any CPU.ActiveCfg = Release|Any CPU
		{2ECD172B-EB0B-4857-9510-4D5C0FE7EB74}.Release|Any CPU.Build.0 = Release|Any CPU
		{AA10AF12-18DD-444B-9BC1-6792CDCC780B}.Debug|Any CPU.ActiveCfg = Debug|Any CPU
		{AA10AF12-18DD-444B-9BC1-6792CDCC780B}.Debug|Any CPU.Build.0 = Debug|Any CPU
		{AA10AF12-18DD-444B-9BC1-6792CDCC780B}.Release|Any CPU.ActiveCfg = Release|Any CPU
		{AA10AF12-18DD-444B-9BC1-6792CDCC780B}.Release|Any CPU.Build.0 = Release|Any CPU
		{20E2A4B7-3A9B-4505-BAD1-F88224ACA1E9}.Debug|Any CPU.ActiveCfg = Debug|Any CPU
		{20E2A4B7-3A9B-4505-BAD1-F88224ACA1E9}.Debug|Any CPU.Build.0 = Debug|Any CPU
		{20E2A4B7-3A9B-4505-BAD1-F88224ACA1E9}.Release|Any CPU.ActiveCfg = Release|Any CPU
		{20E2A4B7-3A9B-4505-BAD1-F88224ACA1E9}.Release|Any CPU.Build.0 = Release|Any CPU
		{C02ED423-AE3D-4466-8C32-A6CE8C052EDA}.Debug|Any CPU.ActiveCfg = Debug|Any CPU
		{C02ED423-AE3D-4466-8C32-A6CE8C052EDA}.Debug|Any CPU.Build.0 = Debug|Any CPU
		{C02ED423-AE3D-4466-8C32-A6CE8C052EDA}.Release|Any CPU.ActiveCfg = Release|Any CPU
		{C02ED423-AE3D-4466-8C32-A6CE8C052EDA}.Release|Any CPU.Build.0 = Release|Any CPU
		{218E4E3A-CD11-41FC-ADB4-59FB0D99907F}.Debug|Any CPU.ActiveCfg = Debug|Any CPU
		{218E4E3A-CD11-41FC-ADB4-59FB0D99907F}.Debug|Any CPU.Build.0 = Debug|Any CPU
		{218E4E3A-CD11-41FC-ADB4-59FB0D99907F}.Release|Any CPU.ActiveCfg = Release|Any CPU
		{218E4E3A-CD11-41FC-ADB4-59FB0D99907F}.Release|Any CPU.Build.0 = Release|Any CPU
		{9E30D32C-3ACA-4E8C-8B09-8FF171D2F660}.Debug|Any CPU.ActiveCfg = Debug|Any CPU
		{9E30D32C-3ACA-4E8C-8B09-8FF171D2F660}.Debug|Any CPU.Build.0 = Debug|Any CPU
		{9E30D32C-3ACA-4E8C-8B09-8FF171D2F660}.Release|Any CPU.ActiveCfg = Release|Any CPU
		{9E30D32C-3ACA-4E8C-8B09-8FF171D2F660}.Release|Any CPU.Build.0 = Release|Any CPU
		{152484DF-8852-4E29-91C2-2C27E8A34BA0}.Debug|Any CPU.ActiveCfg = Debug|Any CPU
		{152484DF-8852-4E29-91C2-2C27E8A34BA0}.Debug|Any CPU.Build.0 = Debug|Any CPU
		{152484DF-8852-4E29-91C2-2C27E8A34BA0}.Release|Any CPU.ActiveCfg = Release|Any CPU
		{152484DF-8852-4E29-91C2-2C27E8A34BA0}.Release|Any CPU.Build.0 = Release|Any CPU
		{4349BE9B-9B14-4B36-8215-9558C722F6E4}.Debug|Any CPU.ActiveCfg = Debug|Any CPU
		{4349BE9B-9B14-4B36-8215-9558C722F6E4}.Debug|Any CPU.Build.0 = Debug|Any CPU
		{4349BE9B-9B14-4B36-8215-9558C722F6E4}.Release|Any CPU.ActiveCfg = Release|Any CPU
		{4349BE9B-9B14-4B36-8215-9558C722F6E4}.Release|Any CPU.Build.0 = Release|Any CPU
		{82B15A91-86CA-4DFE-81E5-5CAB66D79DB7}.Debug|Any CPU.ActiveCfg = Debug|Any CPU
		{82B15A91-86CA-4DFE-81E5-5CAB66D79DB7}.Debug|Any CPU.Build.0 = Debug|Any CPU
		{82B15A91-86CA-4DFE-81E5-5CAB66D79DB7}.Release|Any CPU.ActiveCfg = Release|Any CPU
		{82B15A91-86CA-4DFE-81E5-5CAB66D79DB7}.Release|Any CPU.Build.0 = Release|Any CPU
		{A2B49330-4CEA-4E09-AD1F-347C65A201A2}.Debug|Any CPU.ActiveCfg = Debug|Any CPU
		{A2B49330-4CEA-4E09-AD1F-347C65A201A2}.Debug|Any CPU.Build.0 = Debug|Any CPU
		{A2B49330-4CEA-4E09-AD1F-347C65A201A2}.Release|Any CPU.ActiveCfg = Release|Any CPU
		{A2B49330-4CEA-4E09-AD1F-347C65A201A2}.Release|Any CPU.Build.0 = Release|Any CPU
	EndGlobalSection
	GlobalSection(SolutionProperties) = preSolution
		HideSolutionNode = FALSE
	EndGlobalSection
	GlobalSection(ExtensibilityGlobals) = postSolution
		SolutionGuid = {8CA3CCA4-3FDC-4727-82A5-A4D25FBF95B2}
	EndGlobalSection
EndGlobal
