
Microsoft Visual Studio Solution File, Format Version 12.00
# Visual Studio Version 17
VisualStudioVersion = 17.7.34221.43
MinimumVisualStudioVersion = 10.0.40219.1
Project("{9A19103F-16F7-4668-BE54-9A1E7A4F7556}") = "001_Les", "001_Les\001_Les.csproj", "{6783935D-539C-4A60-BE81-2A000AAAE6C6}"
EndProject
Project("{9A19103F-16F7-4668-BE54-9A1E7A4F7556}") = "002_Les", "002_Les\002_Les.csproj", "{A4F23BE2-F34F-4C4A-A325-51A407CC75E9}"
EndProject
Project("{9A19103F-16F7-4668-BE54-9A1E7A4F7556}") = "003_Les", "003_Les\003_Les.csproj", "{DC037B05-B4A3-4581-87E5-353C688F166C}"
EndProject
Project("{9A19103F-16F7-4668-BE54-9A1E7A4F7556}") = "004_Les", "004_Les\004_Les.csproj", "{2ECD172B-EB0B-4857-9510-4D5C0FE7EB74}"
EndProject
Project("{9A19103F-16F7-4668-BE54-9A1E7A4F7556}") = "005_Les", "005_Les\005_Les.csproj", "{AA10AF12-18DD-444B-9BC1-6792CDCC780B}"
EndProject
Project("{9A19103F-16F7-4668-BE54-9A1E7A4F7556}") = "006_Les", "006_Les\006_Les.csproj", "{20E2A4B7-3A9B-4505-BAD1-F88224ACA1E9}"
EndProject
Project("{9A19103F-16F7-4668-BE54-9A1E7A4F7556}") = "007_Les", "007_Les\007_Les.csproj", "{C02ED423-AE3D-4466-8C32-A6CE8C052EDA}"
EndProject
Project("{9A19103F-16F7-4668-BE54-9A1E7A4F7556}") = "008_Les", "008_Les\008_Les.csproj", "{218E4E3A-CD11-41FC-ADB4-59FB0D99907F}"
EndProject
Project("{9A19103F-16F7-4668-BE54-9A1E7A4F7556}") = "012_Les", "012_Les\012_Les.csproj", "{9E30D32C-3ACA-4E8C-8B09-8FF171D2F660}"
EndProject
Project("{9A19103F-16F7-4668-BE54-9A1E7A4F7556}") = "011_Les", "011_Les\011_Les.csproj", "{152484DF-8852-4E29-91C2-2C27E8A34BA0}"
EndProject
Project("{9A19103F-16F7-4668-BE54-9A1E7A4F7556}") = "010_Les", "010_Les\010_Les.csproj", "{4349BE9B-9B14-4B36-8215-9558C722F6E4}"
EndProject
Project("{9A19103F-16F7-4668-BE54-9A1E7A4F7556}") = "009_les", "009_Les\009_les.csproj", "{82B15A91-86CA-4DFE-81E5-5CAB66D79DB7}"
EndProject
Project("{9A19103F-16F7-4668-BE54-9A1E7A4F7556}") = "013_Les", "013_Les\013_Les.csproj", "{A2B49330-4CEA-4E09-AD1F-347C65A201A2}"
EndProject
Project("{9A19103F-16F7-4668-BE54-9A1E7A4F7556}") = "014_les", "014_Les\014_les.csproj", "{8A260BFF-134F-4BAE-87D8-F53107045192}"
EndProject
Project("{9A19103F-16F7-4668-BE54-9A1E7A4F7556}") = "015_Les", "015_Les\015_Les.csproj", "{D2B462E6-F8CD-4DDF-B37F-2F4253807862}"
EndProject
Project("{9A19103F-16F7-4668-BE54-9A1E7A4F7556}") = "016_Les", "016_Les\016_Les.csproj", "{F0EAD857-DA9F-423C-86B2-0EB953FB189F}"
EndProject
Project("{9A19103F-16F7-4668-BE54-9A1E7A4F7556}") = "017_Les", "017_Les\017_Les.csproj", "{959937F1-0EAE-4D98-86E9-FD51F49DD9D3}"
EndProject
Project("{9A19103F-16F7-4668-BE54-9A1E7A4F7556}") = "018_Less", "018_Less\018_Less.csproj", "{14594294-37CD-44D4-97A8-0966B82DA3FD}"
EndProject
Project("{9A19103F-16F7-4668-BE54-9A1E7A4F7556}") = "019_Les", "019_Les\019_Les.csproj", "{17FAA9FA-0075-4CE8-BF60-2EE038E1C742}"
EndProject
Project("{9A19103F-16F7-4668-BE54-9A1E7A4F7556}") = "020_Les", "020_Les\020_Les.csproj", "{C340DF5E-9672-4527-BD4F-3B8E6D5BB16A}"
EndProject
Project("{9A19103F-16F7-4668-BE54-9A1E7A4F7556}") = "021_Les", "021_Les\021_Les.csproj", "{FB3D9FAB-4DAE-47F6-9CCB-C21D53B54995}"
EndProject
Project("{9A19103F-16F7-4668-BE54-9A1E7A4F7556}") = "022_Les", "022_Les\022_Les.csproj", "{470C8FC9-9AEB-4293-A6E2-86B5B8CEE751}"
EndProject
Project("{9A19103F-16F7-4668-BE54-9A1E7A4F7556}") = "023_Les", "023_Les\023_Les.csproj", "{93355136-0B73-4282-8DC5-1996C36E4FBA}"
EndProject
Project("{9A19103F-16F7-4668-BE54-9A1E7A4F7556}") = "024_Les", "024_Les\024_Les.csproj", "{9E0B6856-E8E5-49DD-AA67-87533934EA84}"
EndProject
Project("{9A19103F-16F7-4668-BE54-9A1E7A4F7556}") = "025_les", "025_les\025_les.csproj", "{66C53D43-336A-47E3-9AA3-A9B9396FC428}"
EndProject
Project("{9A19103F-16F7-4668-BE54-9A1E7A4F7556}") = "026_Les", "026_Les\026_Les.csproj", "{A7C85061-A415-4E79-8948-C2FB2A96816B}"
EndProject
Project("{9A19103F-16F7-4668-BE54-9A1E7A4F7556}") = "027_Les", "027_Les\027_Les.csproj", "{E4F7DE81-0A5A-4885-B319-E5650166058E}"
EndProject
Project("{9A19103F-16F7-4668-BE54-9A1E7A4F7556}") = "028_Les", "028_Les\028_Les.csproj", "{99CE9164-716E-4EC8-9800-525855554089}"
EndProject
Project("{9A19103F-16F7-4668-BE54-9A1E7A4F7556}") = "029_Les", "029_Les\029_Les.csproj", "{10FECB38-FD6B-44DF-B3AE-30C32E165D88}"
EndProject
Project("{9A19103F-16F7-4668-BE54-9A1E7A4F7556}") = "030_Les", "030_Les\030_Les.csproj", "{56643E4A-9B4D-408D-A83A-403E49CF8ED1}"
EndProject
Project("{9A19103F-16F7-4668-BE54-9A1E7A4F7556}") = "031_Les", "031_Les\031_Les.csproj", "{0BBE93B8-2BD2-426E-99BD-5712512FA42E}"
EndProject
Project("{9A19103F-16F7-4668-BE54-9A1E7A4F7556}") = "ATM", "ATM\ATM.csproj", "{607CA778-1793-402E-9C74-0709D4809C43}"
EndProject
Project("{9A19103F-16F7-4668-BE54-9A1E7A4F7556}") = "032_Les", "032_Les\032_Les.csproj", "{2EB4DD77-C823-4520-BCFF-C83785741E28}"
EndProject
Project("{9A19103F-16F7-4668-BE54-9A1E7A4F7556}") = "033_Les", "033_Les\033_Les.csproj", "{8C26DE72-07B5-4E86-8E27-568BC7D91AFB}"
EndProject
Project("{9A19103F-16F7-4668-BE54-9A1E7A4F7556}") = "Restaurant", "Restaurant\Restaurant.csproj", "{8AD2C4F5-38E7-4CEF-B9A9-E99C04DF0A7D}"
EndProject
Project("{FAE04EC0-301F-11D3-BF4B-00C04F79EFBC}") = "034_Les", "034_Les\034_Les.csproj", "{4646D669-0CAE-4DF2-BE2C-92CA3907F046}"
EndProject
Global
	GlobalSection(SolutionConfigurationPlatforms) = preSolution
		Debug|Any CPU = Debug|Any CPU
		Release|Any CPU = Release|Any CPU
	EndGlobalSection
	GlobalSection(ProjectConfigurationPlatforms) = postSolution
		{6783935D-539C-4A60-BE81-2A000AAAE6C6}.Debug|Any CPU.ActiveCfg = Debug|Any CPU
		{6783935D-539C-4A60-BE81-2A000AAAE6C6}.Debug|Any CPU.Build.0 = Debug|Any CPU
		{6783935D-539C-4A60-BE81-2A000AAAE6C6}.Release|Any CPU.ActiveCfg = Release|Any CPU
		{6783935D-539C-4A60-BE81-2A000AAAE6C6}.Release|Any CPU.Build.0 = Release|Any CPU
		{A4F23BE2-F34F-4C4A-A325-51A407CC75E9}.Debug|Any CPU.ActiveCfg = Debug|Any CPU
		{A4F23BE2-F34F-4C4A-A325-51A407CC75E9}.Debug|Any CPU.Build.0 = Debug|Any CPU
		{A4F23BE2-F34F-4C4A-A325-51A407CC75E9}.Release|Any CPU.ActiveCfg = Release|Any CPU
		{A4F23BE2-F34F-4C4A-A325-51A407CC75E9}.Release|Any CPU.Build.0 = Release|Any CPU
		{DC037B05-B4A3-4581-87E5-353C688F166C}.Debug|Any CPU.ActiveCfg = Debug|Any CPU
		{DC037B05-B4A3-4581-87E5-353C688F166C}.Debug|Any CPU.Build.0 = Debug|Any CPU
		{DC037B05-B4A3-4581-87E5-353C688F166C}.Release|Any CPU.ActiveCfg = Release|Any CPU
		{DC037B05-B4A3-4581-87E5-353C688F166C}.Release|Any CPU.Build.0 = Release|Any CPU
		{2ECD172B-EB0B-4857-9510-4D5C0FE7EB74}.Debug|Any CPU.ActiveCfg = Debug|Any CPU
		{2ECD172B-EB0B-4857-9510-4D5C0FE7EB74}.Debug|Any CPU.Build.0 = Debug|Any CPU
		{2ECD172B-EB0B-4857-9510-4D5C0FE7EB74}.Release|Any CPU.ActiveCfg = Release|Any CPU
		{2ECD172B-EB0B-4857-9510-4D5C0FE7EB74}.Release|Any CPU.Build.0 = Release|Any CPU
		{AA10AF12-18DD-444B-9BC1-6792CDCC780B}.Debug|Any CPU.ActiveCfg = Debug|Any CPU
		{AA10AF12-18DD-444B-9BC1-6792CDCC780B}.Debug|Any CPU.Build.0 = Debug|Any CPU
		{AA10AF12-18DD-444B-9BC1-6792CDCC780B}.Release|Any CPU.ActiveCfg = Release|Any CPU
		{AA10AF12-18DD-444B-9BC1-6792CDCC780B}.Release|Any CPU.Build.0 = Release|Any CPU
		{20E2A4B7-3A9B-4505-BAD1-F88224ACA1E9}.Debug|Any CPU.ActiveCfg = Debug|Any CPU
		{20E2A4B7-3A9B-4505-BAD1-F88224ACA1E9}.Debug|Any CPU.Build.0 = Debug|Any CPU
		{20E2A4B7-3A9B-4505-BAD1-F88224ACA1E9}.Release|Any CPU.ActiveCfg = Release|Any CPU
		{20E2A4B7-3A9B-4505-BAD1-F88224ACA1E9}.Release|Any CPU.Build.0 = Release|Any CPU
		{C02ED423-AE3D-4466-8C32-A6CE8C052EDA}.Debug|Any CPU.ActiveCfg = Debug|Any CPU
		{C02ED423-AE3D-4466-8C32-A6CE8C052EDA}.Debug|Any CPU.Build.0 = Debug|Any CPU
		{C02ED423-AE3D-4466-8C32-A6CE8C052EDA}.Release|Any CPU.ActiveCfg = Release|Any CPU
		{C02ED423-AE3D-4466-8C32-A6CE8C052EDA}.Release|Any CPU.Build.0 = Release|Any CPU
		{218E4E3A-CD11-41FC-ADB4-59FB0D99907F}.Debug|Any CPU.ActiveCfg = Debug|Any CPU
		{218E4E3A-CD11-41FC-ADB4-59FB0D99907F}.Debug|Any CPU.Build.0 = Debug|Any CPU
		{218E4E3A-CD11-41FC-ADB4-59FB0D99907F}.Release|Any CPU.ActiveCfg = Release|Any CPU
		{218E4E3A-CD11-41FC-ADB4-59FB0D99907F}.Release|Any CPU.Build.0 = Release|Any CPU
		{9E30D32C-3ACA-4E8C-8B09-8FF171D2F660}.Debug|Any CPU.ActiveCfg = Debug|Any CPU
		{9E30D32C-3ACA-4E8C-8B09-8FF171D2F660}.Debug|Any CPU.Build.0 = Debug|Any CPU
		{9E30D32C-3ACA-4E8C-8B09-8FF171D2F660}.Release|Any CPU.ActiveCfg = Release|Any CPU
		{9E30D32C-3ACA-4E8C-8B09-8FF171D2F660}.Release|Any CPU.Build.0 = Release|Any CPU
		{152484DF-8852-4E29-91C2-2C27E8A34BA0}.Debug|Any CPU.ActiveCfg = Debug|Any CPU
		{152484DF-8852-4E29-91C2-2C27E8A34BA0}.Debug|Any CPU.Build.0 = Debug|Any CPU
		{152484DF-8852-4E29-91C2-2C27E8A34BA0}.Release|Any CPU.ActiveCfg = Release|Any CPU
		{152484DF-8852-4E29-91C2-2C27E8A34BA0}.Release|Any CPU.Build.0 = Release|Any CPU
		{4349BE9B-9B14-4B36-8215-9558C722F6E4}.Debug|Any CPU.ActiveCfg = Debug|Any CPU
		{4349BE9B-9B14-4B36-8215-9558C722F6E4}.Debug|Any CPU.Build.0 = Debug|Any CPU
		{4349BE9B-9B14-4B36-8215-9558C722F6E4}.Release|Any CPU.ActiveCfg = Release|Any CPU
		{4349BE9B-9B14-4B36-8215-9558C722F6E4}.Release|Any CPU.Build.0 = Release|Any CPU
		{82B15A91-86CA-4DFE-81E5-5CAB66D79DB7}.Debug|Any CPU.ActiveCfg = Debug|Any CPU
		{82B15A91-86CA-4DFE-81E5-5CAB66D79DB7}.Debug|Any CPU.Build.0 = Debug|Any CPU
		{82B15A91-86CA-4DFE-81E5-5CAB66D79DB7}.Release|Any CPU.ActiveCfg = Release|Any CPU
		{82B15A91-86CA-4DFE-81E5-5CAB66D79DB7}.Release|Any CPU.Build.0 = Release|Any CPU
		{A2B49330-4CEA-4E09-AD1F-347C65A201A2}.Debug|Any CPU.ActiveCfg = Debug|Any CPU
		{A2B49330-4CEA-4E09-AD1F-347C65A201A2}.Debug|Any CPU.Build.0 = Debug|Any CPU
		{A2B49330-4CEA-4E09-AD1F-347C65A201A2}.Release|Any CPU.ActiveCfg = Release|Any CPU
		{A2B49330-4CEA-4E09-AD1F-347C65A201A2}.Release|Any CPU.Build.0 = Release|Any CPU
		{8A260BFF-134F-4BAE-87D8-F53107045192}.Debug|Any CPU.ActiveCfg = Debug|Any CPU
		{8A260BFF-134F-4BAE-87D8-F53107045192}.Debug|Any CPU.Build.0 = Debug|Any CPU
		{8A260BFF-134F-4BAE-87D8-F53107045192}.Release|Any CPU.ActiveCfg = Release|Any CPU
		{8A260BFF-134F-4BAE-87D8-F53107045192}.Release|Any CPU.Build.0 = Release|Any CPU
		{D2B462E6-F8CD-4DDF-B37F-2F4253807862}.Debug|Any CPU.ActiveCfg = Debug|Any CPU
		{D2B462E6-F8CD-4DDF-B37F-2F4253807862}.Debug|Any CPU.Build.0 = Debug|Any CPU
		{D2B462E6-F8CD-4DDF-B37F-2F4253807862}.Release|Any CPU.ActiveCfg = Release|Any CPU
		{D2B462E6-F8CD-4DDF-B37F-2F4253807862}.Release|Any CPU.Build.0 = Release|Any CPU
		{F0EAD857-DA9F-423C-86B2-0EB953FB189F}.Debug|Any CPU.ActiveCfg = Debug|Any CPU
		{F0EAD857-DA9F-423C-86B2-0EB953FB189F}.Debug|Any CPU.Build.0 = Debug|Any CPU
		{F0EAD857-DA9F-423C-86B2-0EB953FB189F}.Release|Any CPU.ActiveCfg = Release|Any CPU
		{F0EAD857-DA9F-423C-86B2-0EB953FB189F}.Release|Any CPU.Build.0 = Release|Any CPU
		{959937F1-0EAE-4D98-86E9-FD51F49DD9D3}.Debug|Any CPU.ActiveCfg = Debug|Any CPU
		{959937F1-0EAE-4D98-86E9-FD51F49DD9D3}.Debug|Any CPU.Build.0 = Debug|Any CPU
		{959937F1-0EAE-4D98-86E9-FD51F49DD9D3}.Release|Any CPU.ActiveCfg = Release|Any CPU
		{959937F1-0EAE-4D98-86E9-FD51F49DD9D3}.Release|Any CPU.Build.0 = Release|Any CPU
		{14594294-37CD-44D4-97A8-0966B82DA3FD}.Debug|Any CPU.ActiveCfg = Debug|Any CPU
		{14594294-37CD-44D4-97A8-0966B82DA3FD}.Debug|Any CPU.Build.0 = Debug|Any CPU
		{14594294-37CD-44D4-97A8-0966B82DA3FD}.Release|Any CPU.ActiveCfg = Release|Any CPU
		{14594294-37CD-44D4-97A8-0966B82DA3FD}.Release|Any CPU.Build.0 = Release|Any CPU
		{17FAA9FA-0075-4CE8-BF60-2EE038E1C742}.Debug|Any CPU.ActiveCfg = Debug|Any CPU
		{17FAA9FA-0075-4CE8-BF60-2EE038E1C742}.Debug|Any CPU.Build.0 = Debug|Any CPU
		{17FAA9FA-0075-4CE8-BF60-2EE038E1C742}.Release|Any CPU.ActiveCfg = Release|Any CPU
		{17FAA9FA-0075-4CE8-BF60-2EE038E1C742}.Release|Any CPU.Build.0 = Release|Any CPU
		{C340DF5E-9672-4527-BD4F-3B8E6D5BB16A}.Debug|Any CPU.ActiveCfg = Debug|Any CPU
		{C340DF5E-9672-4527-BD4F-3B8E6D5BB16A}.Debug|Any CPU.Build.0 = Debug|Any CPU
		{C340DF5E-9672-4527-BD4F-3B8E6D5BB16A}.Release|Any CPU.ActiveCfg = Release|Any CPU
		{C340DF5E-9672-4527-BD4F-3B8E6D5BB16A}.Release|Any CPU.Build.0 = Release|Any CPU
		{FB3D9FAB-4DAE-47F6-9CCB-C21D53B54995}.Debug|Any CPU.ActiveCfg = Debug|Any CPU
		{FB3D9FAB-4DAE-47F6-9CCB-C21D53B54995}.Debug|Any CPU.Build.0 = Debug|Any CPU
		{FB3D9FAB-4DAE-47F6-9CCB-C21D53B54995}.Release|Any CPU.ActiveCfg = Release|Any CPU
		{FB3D9FAB-4DAE-47F6-9CCB-C21D53B54995}.Release|Any CPU.Build.0 = Release|Any CPU
		{470C8FC9-9AEB-4293-A6E2-86B5B8CEE751}.Debug|Any CPU.ActiveCfg = Debug|Any CPU
		{470C8FC9-9AEB-4293-A6E2-86B5B8CEE751}.Debug|Any CPU.Build.0 = Debug|Any CPU
		{470C8FC9-9AEB-4293-A6E2-86B5B8CEE751}.Release|Any CPU.ActiveCfg = Release|Any CPU
		{470C8FC9-9AEB-4293-A6E2-86B5B8CEE751}.Release|Any CPU.Build.0 = Release|Any CPU
		{93355136-0B73-4282-8DC5-1996C36E4FBA}.Debug|Any CPU.ActiveCfg = Debug|Any CPU
		{93355136-0B73-4282-8DC5-1996C36E4FBA}.Debug|Any CPU.Build.0 = Debug|Any CPU
		{93355136-0B73-4282-8DC5-1996C36E4FBA}.Release|Any CPU.ActiveCfg = Release|Any CPU
		{93355136-0B73-4282-8DC5-1996C36E4FBA}.Release|Any CPU.Build.0 = Release|Any CPU
		{9E0B6856-E8E5-49DD-AA67-87533934EA84}.Debug|Any CPU.ActiveCfg = Debug|Any CPU
		{9E0B6856-E8E5-49DD-AA67-87533934EA84}.Debug|Any CPU.Build.0 = Debug|Any CPU
		{9E0B6856-E8E5-49DD-AA67-87533934EA84}.Release|Any CPU.ActiveCfg = Release|Any CPU
		{9E0B6856-E8E5-49DD-AA67-87533934EA84}.Release|Any CPU.Build.0 = Release|Any CPU
		{66C53D43-336A-47E3-9AA3-A9B9396FC428}.Debug|Any CPU.ActiveCfg = Debug|Any CPU
		{66C53D43-336A-47E3-9AA3-A9B9396FC428}.Debug|Any CPU.Build.0 = Debug|Any CPU
		{66C53D43-336A-47E3-9AA3-A9B9396FC428}.Release|Any CPU.ActiveCfg = Release|Any CPU
		{66C53D43-336A-47E3-9AA3-A9B9396FC428}.Release|Any CPU.Build.0 = Release|Any CPU
		{A7C85061-A415-4E79-8948-C2FB2A96816B}.Debug|Any CPU.ActiveCfg = Debug|Any CPU
		{A7C85061-A415-4E79-8948-C2FB2A96816B}.Debug|Any CPU.Build.0 = Debug|Any CPU
		{A7C85061-A415-4E79-8948-C2FB2A96816B}.Release|Any CPU.ActiveCfg = Release|Any CPU
		{A7C85061-A415-4E79-8948-C2FB2A96816B}.Release|Any CPU.Build.0 = Release|Any CPU
		{E4F7DE81-0A5A-4885-B319-E5650166058E}.Debug|Any CPU.ActiveCfg = Debug|Any CPU
		{E4F7DE81-0A5A-4885-B319-E5650166058E}.Debug|Any CPU.Build.0 = Debug|Any CPU
		{E4F7DE81-0A5A-4885-B319-E5650166058E}.Release|Any CPU.ActiveCfg = Release|Any CPU
		{E4F7DE81-0A5A-4885-B319-E5650166058E}.Release|Any CPU.Build.0 = Release|Any CPU
		{99CE9164-716E-4EC8-9800-525855554089}.Debug|Any CPU.ActiveCfg = Debug|Any CPU
		{99CE9164-716E-4EC8-9800-525855554089}.Debug|Any CPU.Build.0 = Debug|Any CPU
		{99CE9164-716E-4EC8-9800-525855554089}.Release|Any CPU.ActiveCfg = Release|Any CPU
		{99CE9164-716E-4EC8-9800-525855554089}.Release|Any CPU.Build.0 = Release|Any CPU
		{10FECB38-FD6B-44DF-B3AE-30C32E165D88}.Debug|Any CPU.ActiveCfg = Debug|Any CPU
		{10FECB38-FD6B-44DF-B3AE-30C32E165D88}.Debug|Any CPU.Build.0 = Debug|Any CPU
		{10FECB38-FD6B-44DF-B3AE-30C32E165D88}.Release|Any CPU.ActiveCfg = Release|Any CPU
		{10FECB38-FD6B-44DF-B3AE-30C32E165D88}.Release|Any CPU.Build.0 = Release|Any CPU
		{56643E4A-9B4D-408D-A83A-403E49CF8ED1}.Debug|Any CPU.ActiveCfg = Debug|Any CPU
		{56643E4A-9B4D-408D-A83A-403E49CF8ED1}.Debug|Any CPU.Build.0 = Debug|Any CPU
		{56643E4A-9B4D-408D-A83A-403E49CF8ED1}.Release|Any CPU.ActiveCfg = Release|Any CPU
		{56643E4A-9B4D-408D-A83A-403E49CF8ED1}.Release|Any CPU.Build.0 = Release|Any CPU
		{0BBE93B8-2BD2-426E-99BD-5712512FA42E}.Debug|Any CPU.ActiveCfg = Debug|Any CPU
		{0BBE93B8-2BD2-426E-99BD-5712512FA42E}.Debug|Any CPU.Build.0 = Debug|Any CPU
		{0BBE93B8-2BD2-426E-99BD-5712512FA42E}.Release|Any CPU.ActiveCfg = Release|Any CPU
		{0BBE93B8-2BD2-426E-99BD-5712512FA42E}.Release|Any CPU.Build.0 = Release|Any CPU
		{607CA778-1793-402E-9C74-0709D4809C43}.Debug|Any CPU.ActiveCfg = Debug|Any CPU
		{607CA778-1793-402E-9C74-0709D4809C43}.Debug|Any CPU.Build.0 = Debug|Any CPU
		{607CA778-1793-402E-9C74-0709D4809C43}.Release|Any CPU.ActiveCfg = Release|Any CPU
		{607CA778-1793-402E-9C74-0709D4809C43}.Release|Any CPU.Build.0 = Release|Any CPU
		{2EB4DD77-C823-4520-BCFF-C83785741E28}.Debug|Any CPU.ActiveCfg = Debug|Any CPU
		{2EB4DD77-C823-4520-BCFF-C83785741E28}.Debug|Any CPU.Build.0 = Debug|Any CPU
		{2EB4DD77-C823-4520-BCFF-C83785741E28}.Release|Any CPU.ActiveCfg = Release|Any CPU
		{2EB4DD77-C823-4520-BCFF-C83785741E28}.Release|Any CPU.Build.0 = Release|Any CPU
		{8C26DE72-07B5-4E86-8E27-568BC7D91AFB}.Debug|Any CPU.ActiveCfg = Debug|Any CPU
		{8C26DE72-07B5-4E86-8E27-568BC7D91AFB}.Debug|Any CPU.Build.0 = Debug|Any CPU
		{8C26DE72-07B5-4E86-8E27-568BC7D91AFB}.Release|Any CPU.ActiveCfg = Release|Any CPU
		{8C26DE72-07B5-4E86-8E27-568BC7D91AFB}.Release|Any CPU.Build.0 = Release|Any CPU
		{8AD2C4F5-38E7-4CEF-B9A9-E99C04DF0A7D}.Debug|Any CPU.ActiveCfg = Debug|Any CPU
		{8AD2C4F5-38E7-4CEF-B9A9-E99C04DF0A7D}.Debug|Any CPU.Build.0 = Debug|Any CPU
		{8AD2C4F5-38E7-4CEF-B9A9-E99C04DF0A7D}.Release|Any CPU.ActiveCfg = Release|Any CPU
		{8AD2C4F5-38E7-4CEF-B9A9-E99C04DF0A7D}.Release|Any CPU.Build.0 = Release|Any CPU
		{4646D669-0CAE-4DF2-BE2C-92CA3907F046}.Debug|Any CPU.ActiveCfg = Debug|Any CPU
		{4646D669-0CAE-4DF2-BE2C-92CA3907F046}.Debug|Any CPU.Build.0 = Debug|Any CPU
		{4646D669-0CAE-4DF2-BE2C-92CA3907F046}.Release|Any CPU.ActiveCfg = Release|Any CPU
		{4646D669-0CAE-4DF2-BE2C-92CA3907F046}.Release|Any CPU.Build.0 = Release|Any CPU
	EndGlobalSection
	GlobalSection(SolutionProperties) = preSolution
		HideSolutionNode = FALSE
	EndGlobalSection
	GlobalSection(ExtensibilityGlobals) = postSolution
		SolutionGuid = {8CA3CCA4-3FDC-4727-82A5-A4D25FBF95B2}
	EndGlobalSection
EndGlobal
